
Microsoft Visual Studio Solution File, Format Version 12.00
# Visual Studio 15
VisualStudioVersion = 15.0.28010.2036
MinimumVisualStudioVersion = 10.0.40219.1
Project("{FAE04EC0-301F-11D3-BF4B-00C04F79EFBC}") = "DockerWebAPI", "DockerWebAPI\DockerWebAPI.csproj", "{539F4812-86C5-4918-8AA4-9D8EF814BAB3}"
EndProject
Global
	GlobalSection(SolutionConfigurationPlatforms) = preSolution
		Debug|Any CPU = Debug|Any CPU
		Release|Any CPU = Release|Any CPU
	EndGlobalSection
	GlobalSection(ProjectConfigurationPlatforms) = postSolution
		{539F4812-86C5-4918-8AA4-9D8EF814BAB3}.Debug|Any CPU.ActiveCfg = Debug|Any CPU
		{539F4812-86C5-4918-8AA4-9D8EF814BAB3}.Debug|Any CPU.Build.0 = Debug|Any CPU
		{539F4812-86C5-4918-8AA4-9D8EF814BAB3}.Release|Any CPU.ActiveCfg = Release|Any CPU
		{539F4812-86C5-4918-8AA4-9D8EF814BAB3}.Release|Any CPU.Build.0 = Release|Any CPU
	EndGlobalSection
	GlobalSection(SolutionProperties) = preSolution
		HideSolutionNode = FALSE
	EndGlobalSection
	GlobalSection(ExtensibilityGlobals) = postSolution
		SolutionGuid = {22DFC197-54BC-4FE7-9DA2-968053FEEEF7}
	EndGlobalSection
EndGlobal
